<?xml version="1.0" encoding="utf-8"?>
<Project ToolsVersion="4.0" xmlns="http://schemas.microsoft.com/developer/msbuild/2003">
  <ItemGroup>
    <Filter Include="Source Files">
      <UniqueIdentifier>{4FC737F1-C7A5-4376-A066-2A32D752A2FF}</UniqueIdentifier>
      <Extensions>cpp;c;cc;cxx;def;odl;idl;hpj;bat;asm;asmx</Extensions>
    </Filter>
    <Filter Include="Header Files">
      <UniqueIdentifier>{93995380-89BD-4b04-88EB-625FBE52EBFB}</UniqueIdentifier>
      <Extensions>h;hpp;hxx;hm;inl;inc;xsd</Extensions>
    </Filter>
    <Filter Include="Resource Files">
      <UniqueIdentifier>{67DA6AB6-F800-4c08-8B7A-83BB121AAD01}</UniqueIdentifier>
      <Extensions>rc;ico;cur;bmp;dlg;rc2;rct;bin;rgs;gif;jpg;jpeg;jpe;resx;tiff;tif;png;wav;mfcribbon-ms</Extensions>
    </Filter>
    <Filter Include="Header Files\Core">
      <UniqueIdentifier>{b6f09e3e-b6a8-46da-a156-e17d36162191}</UniqueIdentifier>
    </Filter>
    <Filter Include="Source Files\Core">
      <UniqueIdentifier>{63005edc-6c98-41fc-94d4-2c4f339754c6}</UniqueIdentifier>
    </Filter>
    <Filter Include="Header Files\Core\DX">
      <UniqueIdentifier>{9d550b51-68bc-40a1-a358-581f716dc00e}</UniqueIdentifier>
    </Filter>
    <Filter Include="Header Files\Core\GL">
      <UniqueIdentifier>{dbaeb8e7-b497-4a58-a5a7-3181a3aebada}</UniqueIdentifier>
    </Filter>
    <Filter Include="Header Files\XML">
      <UniqueIdentifier>{97f36899-4b40-4d04-abe3-36ba65b9cde8}</UniqueIdentifier>
    </Filter>
    <Filter Include="Source Files\XML">
      <UniqueIdentifier>{b0a1b325-0da1-4a62-b022-5efc3f3dbd9b}</UniqueIdentifier>
    </Filter>
    <Filter Include="Header Files\Scene">
      <UniqueIdentifier>{8fe778fd-c49a-4fd5-9278-e6eed1c0c5be}</UniqueIdentifier>
    </Filter>
    <Filter Include="Source Files\Scene">
      <UniqueIdentifier>{727eb7c0-990c-4347-94c1-8c600d192203}</UniqueIdentifier>
    </Filter>
    <Filter Include="Header Files\Device">
      <UniqueIdentifier>{144b75d1-0bb2-46b7-83a4-f776062ebe99}</UniqueIdentifier>
    </Filter>
    <Filter Include="Header Files\Device\DX">
      <UniqueIdentifier>{763a92d1-056b-4178-9d87-a753d5fd755f}</UniqueIdentifier>
    </Filter>
    <Filter Include="Header Files\Device\DX\DX9">
      <UniqueIdentifier>{54da0899-fe87-4386-b71b-68173fa6943e}</UniqueIdentifier>
    </Filter>
    <Filter Include="Header Files\Device\DX\DX10">
      <UniqueIdentifier>{c3c23392-dad2-40ab-873e-64e9af2a4b20}</UniqueIdentifier>
    </Filter>
    <Filter Include="Header Files\Device\DX\DX11">
      <UniqueIdentifier>{7e1a004f-7ffa-4bbf-a4af-f04596d0f764}</UniqueIdentifier>
    </Filter>
    <Filter Include="Header Files\Renderer">
      <UniqueIdentifier>{6102e5e2-5fda-45a3-a8de-2912099f5b70}</UniqueIdentifier>
    </Filter>
  </ItemGroup>
  <ItemGroup>
    <ClCompile Include="Logger.cpp">
      <Filter>Source Files\Core</Filter>
    </ClCompile>
    <ClCompile Include="Window.cpp">
      <Filter>Source Files\Core</Filter>
    </ClCompile>
    <ClCompile Include="WindowManager.cpp">
      <Filter>Source Files\Core</Filter>
    </ClCompile>
    <ClCompile Include="Kernel.cpp">
      <Filter>Source Files\Core</Filter>
    </ClCompile>
    <ClCompile Include="Main.cpp">
      <Filter>Source Files</Filter>
    </ClCompile>
    <ClCompile Include="tinystr.cpp">
      <Filter>Source Files\XML</Filter>
    </ClCompile>
    <ClCompile Include="tinyxml.cpp">
      <Filter>Source Files\XML</Filter>
    </ClCompile>
    <ClCompile Include="tinyxmlerror.cpp">
      <Filter>Source Files\XML</Filter>
    </ClCompile>
    <ClCompile Include="tinyxmlparser.cpp">
      <Filter>Source Files\XML</Filter>
    </ClCompile>
    <ClCompile Include="SceneManager.cpp">
      <Filter>Source Files\Scene</Filter>
    </ClCompile>
    <ClCompile Include="Scene.cpp">
      <Filter>Source Files\Scene</Filter>
    </ClCompile>
  </ItemGroup>
  <ItemGroup>
    <ClInclude Include="Logger.h">
      <Filter>Header Files\Core</Filter>
    </ClInclude>
    <ClInclude Include="DXWindowManager.h">
      <Filter>Header Files\Core\DX</Filter>
    </ClInclude>
    <ClInclude Include="DXWindow.h">
      <Filter>Header Files\Core\DX</Filter>
    </ClInclude>
    <ClInclude Include="Window.h">
      <Filter>Header Files\Core</Filter>
    </ClInclude>
    <ClInclude Include="WindowManager.h">
      <Filter>Header Files\Core</Filter>
    </ClInclude>
    <ClInclude Include="Kernel.h">
      <Filter>Header Files\Core</Filter>
    </ClInclude>
    <ClInclude Include="DXKernel.h">
      <Filter>Header Files\Core\DX</Filter>
    </ClInclude>
    <ClInclude Include="GLKernel.h">
      <Filter>Header Files\Core\GL</Filter>
    </ClInclude>
    <ClInclude Include="GLWindow.h">
      <Filter>Header Files\Core\GL</Filter>
    </ClInclude>
    <ClInclude Include="GLWindowManager.h">
      <Filter>Header Files\Core\GL</Filter>
    </ClInclude>
    <ClInclude Include="DXDeviceManager.h">
      <Filter>Header Files\Device\DX</Filter>
    </ClInclude>
    <ClInclude Include="DX9DeviceManager.h">
      <Filter>Header Files\Device\DX\DX9</Filter>
    </ClInclude>
    <ClInclude Include="DX10DeviceManager.h">
      <Filter>Header Files\Device\DX\DX10</Filter>
    </ClInclude>
    <ClInclude Include="DX11DeviceManager.h">
      <Filter>Header Files\Device\DX\DX11</Filter>
    </ClInclude>
    <ClInclude Include="DXDevice.h">
      <Filter>Header Files\Device\DX</Filter>
    </ClInclude>
    <ClInclude Include="DX9Device.h">
      <Filter>Header Files\Device\DX\DX9</Filter>
    </ClInclude>
    <ClInclude Include="DX10Device.h">
      <Filter>Header Files\Device\DX\DX10</Filter>
    </ClInclude>
    <ClInclude Include="DX11Device.h">
      <Filter>Header Files\Device\DX\DX11</Filter>
    </ClInclude>
    <ClInclude Include="DXSwapChain.h">
      <Filter>Header Files\Device\DX</Filter>
    </ClInclude>
    <ClInclude Include="DX9SwapChain.h">
      <Filter>Header Files\Device\DX\DX9</Filter>
    </ClInclude>
    <ClInclude Include="DX10SwapChain.h">
      <Filter>Header Files\Device\DX\DX10</Filter>
    </ClInclude>
    <ClInclude Include="DX11SwapChain.h">
      <Filter>Header Files\Device\DX\DX11</Filter>
    </ClInclude>
    <ClInclude Include="Resources.h">
      <Filter>Header Files</Filter>
    </ClInclude>
    <ClInclude Include="DXGIHandler.h">
      <Filter>Header Files\Device\DX</Filter>
    </ClInclude>
    <ClInclude Include="CoreException.h">
      <Filter>Header Files\Core</Filter>
    </ClInclude>
    <ClInclude Include="GraphicsException.h">
      <Filter>Header Files\Device</Filter>
    </ClInclude>
    <ClInclude Include="BaseException.h">
      <Filter>Header Files</Filter>
    </ClInclude>
    <ClInclude Include="tinystr.h">
      <Filter>Header Files\XML</Filter>
    </ClInclude>
    <ClInclude Include="tinyxml.h">
      <Filter>Header Files\XML</Filter>
    </ClInclude>
    <ClInclude Include="SceneManager.h">
      <Filter>Header Files\Scene</Filter>
    </ClInclude>
    <ClInclude Include="Scene.h">
      <Filter>Header Files\Scene</Filter>
    </ClInclude>
    <ClInclude Include="SceneException.h">
      <Filter>Header Files\Scene</Filter>
    </ClInclude>
    <ClInclude Include="Component.h">
      <Filter>Header Files\Renderer</Filter>
    </ClInclude>
    <ClInclude Include="MeshComponent.h">
      <Filter>Header Files\Renderer</Filter>
    </ClInclude>
    <ClInclude Include="TransformComponent.h">
      <Filter>Header Files\Renderer</Filter>
    </ClInclude>
  </ItemGroup>
  <ItemGroup>
    <None Include="CMakeLists.txt" />
    <None Include="Resources.h.in" />
  </ItemGroup>
</Project>